// !$*UTF8*$!
{
	archiveVersion = 1;
	classes = {
	};
	objectVersion = 46;
	objects = {

/* Begin PBXBuildFile section */
		BE299F311B1EABDA005117B3 /* AppDelegate.swift in Sources */ = {isa = PBXBuildFile; fileRef = BE299F301B1EABDA005117B3 /* AppDelegate.swift */; };
		BE299F341B1EABDA005117B3 /* WeeDate.xcdatamodeld in Sources */ = {isa = PBXBuildFile; fileRef = BE299F321B1EABDA005117B3 /* WeeDate.xcdatamodeld */; };
		BE299F361B1EABDA005117B3 /* ViewController.swift in Sources */ = {isa = PBXBuildFile; fileRef = BE299F351B1EABDA005117B3 /* ViewController.swift */; };
		BE299F391B1EABDA005117B3 /* Main.storyboard in Resources */ = {isa = PBXBuildFile; fileRef = BE299F371B1EABDA005117B3 /* Main.storyboard */; };
		BE299F3B1B1EABDA005117B3 /* Images.xcassets in Resources */ = {isa = PBXBuildFile; fileRef = BE299F3A1B1EABDA005117B3 /* Images.xcassets */; };
		BE299F3E1B1EABDA005117B3 /* LaunchScreen.xib in Resources */ = {isa = PBXBuildFile; fileRef = BE299F3C1B1EABDA005117B3 /* LaunchScreen.xib */; };
		BE299F4A1B1EABDB005117B3 /* WeeDateTests.swift in Sources */ = {isa = PBXBuildFile; fileRef = BE299F491B1EABDB005117B3 /* WeeDateTests.swift */; };
		BE299F591B1EADAD005117B3 /* CardView.swift in Sources */ = {isa = PBXBuildFile; fileRef = BE299F581B1EADAD005117B3 /* CardView.swift */; };
/* End PBXBuildFile section */

/* Begin PBXContainerItemProxy section */
		BE299F441B1EABDB005117B3 /* PBXContainerItemProxy */ = {
			isa = PBXContainerItemProxy;
			containerPortal = BE299F231B1EABDA005117B3 /* Project object */;
			proxyType = 1;
			remoteGlobalIDString = BE299F2A1B1EABDA005117B3;
			remoteInfo = WeeDate;
		};
/* End PBXContainerItemProxy section */

/* Begin PBXFileReference section */
		BE299F2B1B1EABDA005117B3 /* WeeDate.app */ = {isa = PBXFileReference; explicitFileType = wrapper.application; includeInIndex = 0; path = WeeDate.app; sourceTree = BUILT_PRODUCTS_DIR; };
		BE299F2F1B1EABDA005117B3 /* Info.plist */ = {isa = PBXFileReference; lastKnownFileType = text.plist.xml; path = Info.plist; sourceTree = "<group>"; };
		BE299F301B1EABDA005117B3 /* AppDelegate.swift */ = {isa = PBXFileReference; lastKnownFileType = sourcecode.swift; path = AppDelegate.swift; sourceTree = "<group>"; };
		BE299F331B1EABDA005117B3 /* WeeDate.xcdatamodel */ = {isa = PBXFileReference; lastKnownFileType = wrapper.xcdatamodel; path = WeeDate.xcdatamodel; sourceTree = "<group>"; };
		BE299F351B1EABDA005117B3 /* ViewController.swift */ = {isa = PBXFileReference; lastKnownFileType = sourcecode.swift; path = ViewController.swift; sourceTree = "<group>"; };
		BE299F381B1EABDA005117B3 /* Base */ = {isa = PBXFileReference; lastKnownFileType = file.storyboard; name = Base; path = Base.lproj/Main.storyboard; sourceTree = "<group>"; };
		BE299F3A1B1EABDA005117B3 /* Images.xcassets */ = {isa = PBXFileReference; lastKnownFileType = folder.assetcatalog; path = Images.xcassets; sourceTree = "<group>"; };
		BE299F3D1B1EABDA005117B3 /* Base */ = {isa = PBXFileReference; lastKnownFileType = file.xib; name = Base; path = Base.lproj/LaunchScreen.xib; sourceTree = "<group>"; };
		BE299F431B1EABDB005117B3 /* WeeDateTests.xctest */ = {isa = PBXFileReference; explicitFileType = wrapper.cfbundle; includeInIndex = 0; path = WeeDateTests.xctest; sourceTree = BUILT_PRODUCTS_DIR; };
		BE299F481B1EABDB005117B3 /* Info.plist */ = {isa = PBXFileReference; lastKnownFileType = text.plist.xml; path = Info.plist; sourceTree = "<group>"; };
		BE299F491B1EABDB005117B3 /* WeeDateTests.swift */ = {isa = PBXFileReference; lastKnownFileType = sourcecode.swift; path = WeeDateTests.swift; sourceTree = "<group>"; };
		BE299F531B1EACE7005117B3 /* LICENSE.md */ = {isa = PBXFileReference; fileEncoding = 4; lastKnownFileType = net.daringfireball.markdown; path = LICENSE.md; sourceTree = "<group>"; };
		BE299F541B1EACE7005117B3 /* README.md */ = {isa = PBXFileReference; fileEncoding = 4; lastKnownFileType = net.daringfireball.markdown; path = README.md; sourceTree = "<group>"; };
		BE299F581B1EADAD005117B3 /* CardView.swift */ = {isa = PBXFileReference; fileEncoding = 4; lastKnownFileType = sourcecode.swift; path = CardView.swift; sourceTree = "<group>"; };
/* End PBXFileReference section */

/* Begin PBXFrameworksBuildPhase section */
		BE299F281B1EABDA005117B3 /* Frameworks */ = {
			isa = PBXFrameworksBuildPhase;
			buildActionMask = 2147483647;
			files = (
			);
			runOnlyForDeploymentPostprocessing = 0;
		};
		BE299F401B1EABDA005117B3 /* Frameworks */ = {
			isa = PBXFrameworksBuildPhase;
			buildActionMask = 2147483647;
			files = (
			);
			runOnlyForDeploymentPostprocessing = 0;
		};
/* End PBXFrameworksBuildPhase section */

/* Begin PBXGroup section */
		BE299F221B1EABDA005117B3 = {
			isa = PBXGroup;
			children = (
				BE299F531B1EACE7005117B3 /* LICENSE.md */,
				BE299F541B1EACE7005117B3 /* README.md */,
				BE299F2D1B1EABDA005117B3 /* WeeDate */,
				BE299F461B1EABDB005117B3 /* WeeDateTests */,
				BE299F2C1B1EABDA005117B3 /* Products */,
			);
			sourceTree = "<group>";
		};
		BE299F2C1B1EABDA005117B3 /* Products */ = {
			isa = PBXGroup;
			children = (
				BE299F2B1B1EABDA005117B3 /* WeeDate.app */,
				BE299F431B1EABDB005117B3 /* WeeDateTests.xctest */,
			);
			name = Products;
			sourceTree = "<group>";
		};
		BE299F2D1B1EABDA005117B3 /* WeeDate */ = {
			isa = PBXGroup;
			children = (
				BE299F571B1EAD2D005117B3 /* Views */,
				BE299F301B1EABDA005117B3 /* AppDelegate.swift */,
				BE299F351B1EABDA005117B3 /* ViewController.swift */,
				BE299F371B1EABDA005117B3 /* Main.storyboard */,
				BE299F3A1B1EABDA005117B3 /* Images.xcassets */,
				BE299F3C1B1EABDA005117B3 /* LaunchScreen.xib */,
				BE299F321B1EABDA005117B3 /* WeeDate.xcdatamodeld */,
				BE299F2E1B1EABDA005117B3 /* Supporting Files */,
			);
			path = WeeDate;
			sourceTree = "<group>";
		};
		BE299F2E1B1EABDA005117B3 /* Supporting Files */ = {
			isa = PBXGroup;
			children = (
				BE299F2F1B1EABDA005117B3 /* Info.plist */,
			);
			name = "Supporting Files";
			sourceTree = "<group>";
		};
		BE299F461B1EABDB005117B3 /* WeeDateTests */ = {
			isa = PBXGroup;
			children = (
				BE299F491B1EABDB005117B3 /* WeeDateTests.swift */,
				BE299F471B1EABDB005117B3 /* Supporting Files */,
			);
			path = WeeDateTests;
			sourceTree = "<group>";
		};
		BE299F471B1EABDB005117B3 /* Supporting Files */ = {
			isa = PBXGroup;
			children = (
				BE299F481B1EABDB005117B3 /* Info.plist */,
			);
			name = "Supporting Files";
			sourceTree = "<group>";
		};
		BE299F571B1EAD2D005117B3 /* Views */ = {
			isa = PBXGroup;
			children = (
				BE299F581B1EADAD005117B3 /* CardView.swift */,
			);
			name = Views;
			path = ..;
			sourceTree = "<group>";
		};
/* End PBXGroup section */

/* Begin PBXNativeTarget section */
		BE299F2A1B1EABDA005117B3 /* WeeDate */ = {
			isa = PBXNativeTarget;
			buildConfigurationList = BE299F4D1B1EABDB005117B3 /* Build configuration list for PBXNativeTarget "WeeDate" */;
			buildPhases = (
				BE299F271B1EABDA005117B3 /* Sources */,
				BE299F281B1EABDA005117B3 /* Frameworks */,
				BE299F291B1EABDA005117B3 /* Resources */,
			);
			buildRules = (
			);
			dependencies = (
			);
			name = WeeDate;
			productName = WeeDate;
			productReference = BE299F2B1B1EABDA005117B3 /* WeeDate.app */;
			productType = "com.apple.product-type.application";
		};
		BE299F421B1EABDA005117B3 /* WeeDateTests */ = {
			isa = PBXNativeTarget;
			buildConfigurationList = BE299F501B1EABDB005117B3 /* Build configuration list for PBXNativeTarget "WeeDateTests" */;
			buildPhases = (
				BE299F3F1B1EABDA005117B3 /* Sources */,
				BE299F401B1EABDA005117B3 /* Frameworks */,
				BE299F411B1EABDA005117B3 /* Resources */,
			);
			buildRules = (
			);
			dependencies = (
				BE299F451B1EABDB005117B3 /* PBXTargetDependency */,
			);
			name = WeeDateTests;
			productName = WeeDateTests;
			productReference = BE299F431B1EABDB005117B3 /* WeeDateTests.xctest */;
			productType = "com.apple.product-type.bundle.unit-test";
		};
/* End PBXNativeTarget section */

/* Begin PBXProject section */
		BE299F231B1EABDA005117B3 /* Project object */ = {
			isa = PBXProject;
			attributes = {
				LastUpgradeCheck = 0630;
				ORGANIZATIONNAME = "Kenneth Wilcox";
				TargetAttributes = {
					BE299F2A1B1EABDA005117B3 = {
						CreatedOnToolsVersion = 6.3.2;
					};
					BE299F421B1EABDA005117B3 = {
						CreatedOnToolsVersion = 6.3.2;
						TestTargetID = BE299F2A1B1EABDA005117B3;
					};
				};
			};
			buildConfigurationList = BE299F261B1EABDA005117B3 /* Build configuration list for PBXProject "WeeDate" */;
			compatibilityVersion = "Xcode 3.2";
			developmentRegion = English;
			hasScannedForEncodings = 0;
			knownRegions = (
				en,
				Base,
			);
			mainGroup = BE299F221B1EABDA005117B3;
			productRefGroup = BE299F2C1B1EABDA005117B3 /* Products */;
			projectDirPath = "";
			projectRoot = "";
			targets = (
				BE299F2A1B1EABDA005117B3 /* WeeDate */,
				BE299F421B1EABDA005117B3 /* WeeDateTests */,
			);
		};
/* End PBXProject section */

/* Begin PBXResourcesBuildPhase section */
		BE299F291B1EABDA005117B3 /* Resources */ = {
			isa = PBXResourcesBuildPhase;
			buildActionMask = 2147483647;
			files = (
				BE299F391B1EABDA005117B3 /* Main.storyboard in Resources */,
				BE299F3E1B1EABDA005117B3 /* LaunchScreen.xib in Resources */,
				BE299F3B1B1EABDA005117B3 /* Images.xcassets in Resources */,
			);
			runOnlyForDeploymentPostprocessing = 0;
		};
		BE299F411B1EABDA005117B3 /* Resources */ = {
			isa = PBXResourcesBuildPhase;
			buildActionMask = 2147483647;
			files = (
			);
			runOnlyForDeploymentPostprocessing = 0;
		};
/* End PBXResourcesBuildPhase section */

/* Begin PBXSourcesBuildPhase section */
		BE299F271B1EABDA005117B3 /* Sources */ = {
			isa = PBXSourcesBuildPhase;
			buildActionMask = 2147483647;
			files = (
				BE299F361B1EABDA005117B3 /* ViewController.swift in Sources */,
				BE299F311B1EABDA005117B3 /* AppDelegate.swift in Sources */,
				BE299F591B1EADAD005117B3 /* CardView.swift in Sources */,
				BE299F341B1EABDA005117B3 /* WeeDate.xcdatamodeld in Sources */,
			);
			runOnlyForDeploymentPostprocessing = 0;
		};
		BE299F3F1B1EABDA005117B3 /* Sources */ = {
			isa = PBXSourcesBuildPhase;
			buildActionMask = 2147483647;
			files = (
				BE299F4A1B1EABDB005117B3 /* WeeDateTests.swift in Sources */,
			);
			runOnlyForDeploymentPostprocessing = 0;
		};
/* End PBXSourcesBuildPhase section */

/* Begin PBXTargetDependency section */
		BE299F451B1EABDB005117B3 /* PBXTargetDependency */ = {
			isa = PBXTargetDependency;
			target = BE299F2A1B1EABDA005117B3 /* WeeDate */;
			targetProxy = BE299F441B1EABDB005117B3 /* PBXContainerItemProxy */;
		};
/* End PBXTargetDependency section */

/* Begin PBXVariantGroup section */
		BE299F371B1EABDA005117B3 /* Main.storyboard */ = {
			isa = PBXVariantGroup;
			children = (
				BE299F381B1EABDA005117B3 /* Base */,
			);
			name = Main.storyboard;
			sourceTree = "<group>";
		};
		BE299F3C1B1EABDA005117B3 /* LaunchScreen.xib */ = {
			isa = PBXVariantGroup;
			children = (
				BE299F3D1B1EABDA005117B3 /* Base */,
			);
			name = LaunchScreen.xib;
			sourceTree = "<group>";
		};
/* End PBXVariantGroup section */

/* Begin XCBuildConfiguration section */
		BE299F4B1B1EABDB005117B3 /* Debug */ = {
			isa = XCBuildConfiguration;
			buildSettings = {
				ALWAYS_SEARCH_USER_PATHS = NO;
				CLANG_CXX_LANGUAGE_STANDARD = "gnu++0x";
				CLANG_CXX_LIBRARY = "libc++";
				CLANG_ENABLE_MODULES = YES;
				CLANG_ENABLE_OBJC_ARC = YES;
				CLANG_WARN_BOOL_CONVERSION = YES;
				CLANG_WARN_CONSTANT_CONVERSION = YES;
				CLANG_WARN_DIRECT_OBJC_ISA_USAGE = YES_ERROR;
				CLANG_WARN_EMPTY_BODY = YES;
				CLANG_WARN_ENUM_CONVERSION = YES;
				CLANG_WARN_INT_CONVERSION = YES;
				CLANG_WARN_OBJC_ROOT_CLASS = YES_ERROR;
				CLANG_WARN_UNREACHABLE_CODE = YES;
				CLANG_WARN__DUPLICATE_METHOD_MATCH = YES;
				"CODE_SIGN_IDENTITY[sdk=iphoneos*]" = "iPhone Developer";
				COPY_PHASE_STRIP = NO;
				DEBUG_INFORMATION_FORMAT = "dwarf-with-dsym";
				ENABLE_STRICT_OBJC_MSGSEND = YES;
				GCC_C_LANGUAGE_STANDARD = gnu99;
				GCC_DYNAMIC_NO_PIC = NO;
				GCC_NO_COMMON_BLOCKS = YES;
				GCC_OPTIMIZATION_LEVEL = 0;
				GCC_PREPROCESSOR_DEFINITIONS = (
					"DEBUG=1",
					"$(inherited)",
				);
				GCC_SYMBOLS_PRIVATE_EXTERN = NO;
				GCC_WARN_64_TO_32_BIT_CONVERSION = YES;
				GCC_WARN_ABOUT_RETURN_TYPE = YES_ERROR;
				GCC_WARN_UNDECLARED_SELECTOR = YES;
				GCC_WARN_UNINITIALIZED_AUTOS = YES_AGGRESSIVE;
				GCC_WARN_UNUSED_FUNCTION = YES;
				GCC_WARN_UNUSED_VARIABLE = YES;
				IPHONEOS_DEPLOYMENT_TARGET = 8.3;
				MTL_ENABLE_DEBUG_INFO = YES;
				ONLY_ACTIVE_ARCH = YES;
				SDKROOT = iphoneos;
				SWIFT_OPTIMIZATION_LEVEL = "-Onone";
				TARGETED_DEVICE_FAMILY = "1,2";
			};
			name = Debug;
		};
		BE299F4C1B1EABDB005117B3 /* Release */ = {
			isa = XCBuildConfiguration;
			buildSettings = {
				ALWAYS_SEARCH_USER_PATHS = NO;
				CLANG_CXX_LANGUAGE_STANDARD = "gnu++0x";
				CLANG_CXX_LIBRARY = "libc++";
				CLANG_ENABLE_MODULES = YES;
				CLANG_ENABLE_OBJC_ARC = YES;
				CLANG_WARN_BOOL_CONVERSION = YES;
				CLANG_WARN_CONSTANT_CONVERSION = YES;
				CLANG_WARN_DIRECT_OBJC_ISA_USAGE = YES_ERROR;
				CLANG_WARN_EMPTY_BODY = YES;
				CLANG_WARN_ENUM_CONVERSION = YES;
				CLANG_WARN_INT_CONVERSION = YES;
				CLANG_WARN_OBJC_ROOT_CLASS = YES_ERROR;
				CLANG_WARN_UNREACHABLE_CODE = YES;
				CLANG_WARN__DUPLICATE_METHOD_MATCH = YES;
				"CODE_SIGN_IDENTITY[sdk=iphoneos*]" = "iPhone Developer";
				COPY_PHASE_STRIP = NO;
				DEBUG_INFORMATION_FORMAT = "dwarf-with-dsym";
				ENABLE_NS_ASSERTIONS = NO;
				ENABLE_STRICT_OBJC_MSGSEND = YES;
				GCC_C_LANGUAGE_STANDARD = gnu99;
				GCC_NO_COMMON_BLOCKS = YES;
				GCC_WARN_64_TO_32_BIT_CONVERSION = YES;
				GCC_WARN_ABOUT_RETURN_TYPE = YES_ERROR;
				GCC_WARN_UNDECLARED_SELECTOR = YES;
				GCC_WARN_UNINITIALIZED_AUTOS = YES_AGGRESSIVE;
				GCC_WARN_UNUSED_FUNCTION = YES;
				GCC_WARN_UNUSED_VARIABLE = YES;
				IPHONEOS_DEPLOYMENT_TARGET = 8.3;
				MTL_ENABLE_DEBUG_INFO = NO;
				SDKROOT = iphoneos;
				TARGETED_DEVICE_FAMILY = "1,2";
				VALIDATE_PRODUCT = YES;
			};
			name = Release;
		};
		BE299F4E1B1EABDB005117B3 /* Debug */ = {
			isa = XCBuildConfiguration;
			buildSettings = {
				ASSETCATALOG_COMPILER_APPICON_NAME = AppIcon;
				INFOPLIST_FILE = WeeDate/Info.plist;
				LD_RUNPATH_SEARCH_PATHS = "$(inherited) @executable_path/Frameworks";
				PRODUCT_NAME = "$(TARGET_NAME)";
			};
			name = Debug;
		};
		BE299F4F1B1EABDB005117B3 /* Release */ = {
			isa = XCBuildConfiguration;
			buildSettings = {
				ASSETCATALOG_COMPILER_APPICON_NAME = AppIcon;
				INFOPLIST_FILE = WeeDate/Info.plist;
				LD_RUNPATH_SEARCH_PATHS = "$(inherited) @executable_path/Frameworks";
				PRODUCT_NAME = "$(TARGET_NAME)";
			};
			name = Release;
		};
		BE299F511B1EABDB005117B3 /* Debug */ = {
			isa = XCBuildConfiguration;
			buildSettings = {
				BUNDLE_LOADER = "$(TEST_HOST)";
				FRAMEWORK_SEARCH_PATHS = (
					"$(SDKROOT)/Developer/Library/Frameworks",
					"$(inherited)",
				);
				GCC_PREPROCESSOR_DEFINITIONS = (
					"DEBUG=1",
					"$(inherited)",
				);
				INFOPLIST_FILE = WeeDateTests/Info.plist;
				LD_RUNPATH_SEARCH_PATHS = "$(inherited) @executable_path/Frameworks @loader_path/Frameworks";
				PRODUCT_NAME = "$(TARGET_NAME)";
				TEST_HOST = "$(BUILT_PRODUCTS_DIR)/WeeDate.app/WeeDate";
			};
			name = Debug;
		};
		BE299F521B1EABDB005117B3 /* Release */ = {
			isa = XCBuildConfiguration;
			buildSettings = {
				BUNDLE_LOADER = "$(TEST_HOST)";
				FRAMEWORK_SEARCH_PATHS = (
					"$(SDKROOT)/Developer/Library/Frameworks",
					"$(inherited)",
				);
				INFOPLIST_FILE = WeeDateTests/Info.plist;
				LD_RUNPATH_SEARCH_PATHS = "$(inherited) @executable_path/Frameworks @loader_path/Frameworks";
				PRODUCT_NAME = "$(TARGET_NAME)";
				TEST_HOST = "$(BUILT_PRODUCTS_DIR)/WeeDate.app/WeeDate";
			};
			name = Release;
		};
/* End XCBuildConfiguration section */

/* Begin XCConfigurationList section */
		BE299F261B1EABDA005117B3 /* Build configuration list for PBXProject "WeeDate" */ = {
			isa = XCConfigurationList;
			buildConfigurations = (
				BE299F4B1B1EABDB005117B3 /* Debug */,
				BE299F4C1B1EABDB005117B3 /* Release */,
			);
			defaultConfigurationIsVisible = 0;
			defaultConfigurationName = Release;
		};
		BE299F4D1B1EABDB005117B3 /* Build configuration list for PBXNativeTarget "WeeDate" */ = {
			isa = XCConfigurationList;
			buildConfigurations = (
				BE299F4E1B1EABDB005117B3 /* Debug */,
				BE299F4F1B1EABDB005117B3 /* Release */,
			);
			defaultConfigurationIsVisible = 0;
		};
		BE299F501B1EABDB005117B3 /* Build configuration list for PBXNativeTarget "WeeDateTests" */ = {
			isa = XCConfigurationList;
			buildConfigurations = (
				BE299F511B1EABDB005117B3 /* Debug */,
				BE299F521B1EABDB005117B3 /* Release */,
			);
			defaultConfigurationIsVisible = 0;
		};
/* End XCConfigurationList section */

/* Begin XCVersionGroup section */
		BE299F321B1EABDA005117B3 /* WeeDate.xcdatamodeld */ = {
			isa = XCVersionGroup;
			children = (
				BE299F331B1EABDA005117B3 /* WeeDate.xcdatamodel */,
			);
			currentVersion = BE299F331B1EABDA005117B3 /* WeeDate.xcdatamodel */;
			path = WeeDate.xcdatamodeld;
			sourceTree = "<group>";
			versionGroupType = wrapper.xcdatamodel;
		};
/* End XCVersionGroup section */
	};
	rootObject = BE299F231B1EABDA005117B3 /* Project object */;
}
